dependencies:
  '@types/ramda': 0.27.40
  ramda: 0.27.1
lockfileVersion: 5.2
packages:
  /@types/ramda/0.27.40:
    dependencies:
      ts-toolbelt: 6.15.5
    dev: false
    resolution:
      integrity: sha512-V99ZfTH2tqVYdLDAlgh2uT+N074HPgqnAsMjALKSBqogYd0HbuuGMqNukJ6fk9Ml/Htaus76fsc4Yh3p7q1VdQ==
  /ramda/0.27.1:
    dev: false
    resolution:
      integrity: sha512-PgIdVpn5y5Yns8vqb8FzBUEYn98V3xcPgawAkkgj0YJ0qDsnHCiNmZYfOGMgOvoB0eWFLpYbhxUR3mxfDIMvpw==
  /ts-toolbelt/6.15.5:
    dev: false
    resolution:
      integrity: sha512-FZIXf1ksVyLcfr7M317jbB67XFJhOO1YqdTcuGaq9q5jLUoTikukZ+98TPjKiP2jC5CgmYdWWYs0s2nLSU0/1A==
specifiers:
  '@types/ramda': ^0.27.40
  ramda: ^0.27.1
